// !$*UTF8*$!
{
	archiveVersion = 1;
	classes = {
	};
	objectVersion = 46;
	objects = {

/* Begin PBXBuildFile section */
		92101155195BC49C00D24FCA /* EditFriendsViewController.m in Sources */ = {isa = PBXBuildFile; fileRef = 92101154195BC49C00D24FCA /* EditFriendsViewController.m */; };
		92101158195EFA1B00D24FCA /* FriendsViewController.m in Sources */ = {isa = PBXBuildFile; fileRef = 92101157195EFA1B00D24FCA /* FriendsViewController.m */; };
		92C3E822195737D800BCBA42 /* main.m in Sources */ = {isa = PBXBuildFile; fileRef = 92C3E821195737D800BCBA42 /* main.m */; };
		92C3E825195737D800BCBA42 /* AppDelegate.m in Sources */ = {isa = PBXBuildFile; fileRef = 92C3E824195737D800BCBA42 /* AppDelegate.m */; };
		92C3E827195737D800BCBA42 /* Images.xcassets in Resources */ = {isa = PBXBuildFile; fileRef = 92C3E826195737D800BCBA42 /* Images.xcassets */; };
		92C3E833195737D800BCBA42 /* NowYouSeeNowYouDontTests.m in Sources */ = {isa = PBXBuildFile; fileRef = 92C3E832195737D800BCBA42 /* NowYouSeeNowYouDontTests.m */; };
		92C3E83D1957382400BCBA42 /* MainStoryboard.storyboard in Resources */ = {isa = PBXBuildFile; fileRef = 92C3E83C1957382400BCBA42 /* MainStoryboard.storyboard */; };
		92C3E83F19573A6F00BCBA42 /* inbox@2x.png in Resources */ = {isa = PBXBuildFile; fileRef = 92C3E83E19573A6F00BCBA42 /* inbox@2x.png */; };
		92C3E84219573B0C00BCBA42 /* camera@2x.png in Resources */ = {isa = PBXBuildFile; fileRef = 92C3E84019573B0C00BCBA42 /* camera@2x.png */; };
		92C3E84319573B0C00BCBA42 /* friends@2x.png in Resources */ = {isa = PBXBuildFile; fileRef = 92C3E84119573B0C00BCBA42 /* friends@2x.png */; };
		92E8657F1957446A00DC00D7 /* InboxViewController.m in Sources */ = {isa = PBXBuildFile; fileRef = 92E8657E1957446A00DC00D7 /* InboxViewController.m */; };
		92E865821957861C00DC00D7 /* Parse.framework in Frameworks */ = {isa = PBXBuildFile; fileRef = 92E865811957861C00DC00D7 /* Parse.framework */; };
		92E86585195786D500DC00D7 /* AudioToolbox.framework in Frameworks */ = {isa = PBXBuildFile; fileRef = 92E86584195786D500DC00D7 /* AudioToolbox.framework */; };
		92E86587195786E800DC00D7 /* CoreGraphics.framework in Frameworks */ = {isa = PBXBuildFile; fileRef = 92E86586195786E800DC00D7 /* CoreGraphics.framework */; };
		92E86589195786EF00DC00D7 /* CoreLocation.framework in Frameworks */ = {isa = PBXBuildFile; fileRef = 92E86588195786EF00DC00D7 /* CoreLocation.framework */; };
		92E8658B195786FE00DC00D7 /* CFNetwork.framework in Frameworks */ = {isa = PBXBuildFile; fileRef = 92E8658A195786FE00DC00D7 /* CFNetwork.framework */; };
		92E8658D1957873F00DC00D7 /* libz.1.1.3.dylib in Frameworks */ = {isa = PBXBuildFile; fileRef = 92E8658C1957873F00DC00D7 /* libz.1.1.3.dylib */; };
		92E8658F1957874800DC00D7 /* MobileCoreServices.framework in Frameworks */ = {isa = PBXBuildFile; fileRef = 92E8658E1957874800DC00D7 /* MobileCoreServices.framework */; };
		92E865911957874F00DC00D7 /* QuartzCore.framework in Frameworks */ = {isa = PBXBuildFile; fileRef = 92E865901957874F00DC00D7 /* QuartzCore.framework */; };
		92E865931957876F00DC00D7 /* Security.framework in Frameworks */ = {isa = PBXBuildFile; fileRef = 92E865921957876F00DC00D7 /* Security.framework */; };
		92E865951957877600DC00D7 /* StoreKit.framework in Frameworks */ = {isa = PBXBuildFile; fileRef = 92E865941957877600DC00D7 /* StoreKit.framework */; };
		92E865971957879100DC00D7 /* SystemConfiguration.framework in Frameworks */ = {isa = PBXBuildFile; fileRef = 92E865961957879100DC00D7 /* SystemConfiguration.framework */; };
		92E8659B1957ACBD00DC00D7 /* LoginViewController.m in Sources */ = {isa = PBXBuildFile; fileRef = 92E8659A1957ACBD00DC00D7 /* LoginViewController.m */; };
		92E8659E1957ACD200DC00D7 /* SignupViewController.m in Sources */ = {isa = PBXBuildFile; fileRef = 92E8659D1957ACD200DC00D7 /* SignupViewController.m */; };
/* End PBXBuildFile section */

/* Begin PBXContainerItemProxy section */
		92C3E82D195737D800BCBA42 /* PBXContainerItemProxy */ = {
			isa = PBXContainerItemProxy;
			containerPortal = 92C3E814195737D800BCBA42 /* Project object */;
			proxyType = 1;
			remoteGlobalIDString = 92C3E81B195737D800BCBA42;
			remoteInfo = NowYouSeeNowYouDont;
		};
/* End PBXContainerItemProxy section */

/* Begin PBXFileReference section */
		92101153195BC49C00D24FCA /* EditFriendsViewController.h */ = {isa = PBXFileReference; fileEncoding = 4; lastKnownFileType = sourcecode.c.h; path = EditFriendsViewController.h; sourceTree = "<group>"; };
		92101154195BC49C00D24FCA /* EditFriendsViewController.m */ = {isa = PBXFileReference; fileEncoding = 4; lastKnownFileType = sourcecode.c.objc; path = EditFriendsViewController.m; sourceTree = "<group>"; };
		92101156195EFA1B00D24FCA /* FriendsViewController.h */ = {isa = PBXFileReference; fileEncoding = 4; lastKnownFileType = sourcecode.c.h; name = FriendsViewController.h; path = NowYouSeeNowYouDont/FriendsViewController.h; sourceTree = "<group>"; };
		92101157195EFA1B00D24FCA /* FriendsViewController.m */ = {isa = PBXFileReference; fileEncoding = 4; lastKnownFileType = sourcecode.c.objc; name = FriendsViewController.m; path = NowYouSeeNowYouDont/FriendsViewController.m; sourceTree = "<group>"; };
		92C3E81C195737D800BCBA42 /* NowYouSeeNowYouDont.app */ = {isa = PBXFileReference; explicitFileType = wrapper.application; includeInIndex = 0; path = NowYouSeeNowYouDont.app; sourceTree = BUILT_PRODUCTS_DIR; };
		92C3E820195737D800BCBA42 /* Info.plist */ = {isa = PBXFileReference; lastKnownFileType = text.plist.xml; path = Info.plist; sourceTree = "<group>"; };
		92C3E821195737D800BCBA42 /* main.m */ = {isa = PBXFileReference; lastKnownFileType = sourcecode.c.objc; path = main.m; sourceTree = "<group>"; };
		92C3E823195737D800BCBA42 /* AppDelegate.h */ = {isa = PBXFileReference; lastKnownFileType = sourcecode.c.h; path = AppDelegate.h; sourceTree = "<group>"; };
		92C3E824195737D800BCBA42 /* AppDelegate.m */ = {isa = PBXFileReference; lastKnownFileType = sourcecode.c.objc; path = AppDelegate.m; sourceTree = "<group>"; };
		92C3E826195737D800BCBA42 /* Images.xcassets */ = {isa = PBXFileReference; lastKnownFileType = folder.assetcatalog; path = Images.xcassets; sourceTree = "<group>"; };
		92C3E82C195737D800BCBA42 /* NowYouSeeNowYouDontTests.xctest */ = {isa = PBXFileReference; explicitFileType = wrapper.cfbundle; includeInIndex = 0; path = NowYouSeeNowYouDontTests.xctest; sourceTree = BUILT_PRODUCTS_DIR; };
		92C3E831195737D800BCBA42 /* Info.plist */ = {isa = PBXFileReference; lastKnownFileType = text.plist.xml; path = Info.plist; sourceTree = "<group>"; };
		92C3E832195737D800BCBA42 /* NowYouSeeNowYouDontTests.m */ = {isa = PBXFileReference; lastKnownFileType = sourcecode.c.objc; path = NowYouSeeNowYouDontTests.m; sourceTree = "<group>"; };
		92C3E83C1957382400BCBA42 /* MainStoryboard.storyboard */ = {isa = PBXFileReference; fileEncoding = 4; lastKnownFileType = file.storyboard; path = MainStoryboard.storyboard; sourceTree = "<group>"; };
		92C3E83E19573A6F00BCBA42 /* inbox@2x.png */ = {isa = PBXFileReference; lastKnownFileType = image.png; name = "inbox@2x.png"; path = "../inbox@2x.png"; sourceTree = "<group>"; };
		92C3E84019573B0C00BCBA42 /* camera@2x.png */ = {isa = PBXFileReference; lastKnownFileType = image.png; path = "camera@2x.png"; sourceTree = "<group>"; };
		92C3E84119573B0C00BCBA42 /* friends@2x.png */ = {isa = PBXFileReference; lastKnownFileType = image.png; path = "friends@2x.png"; sourceTree = "<group>"; };
		92E8657D1957446A00DC00D7 /* InboxViewController.h */ = {isa = PBXFileReference; fileEncoding = 4; lastKnownFileType = sourcecode.c.h; path = InboxViewController.h; sourceTree = "<group>"; };
		92E8657E1957446A00DC00D7 /* InboxViewController.m */ = {isa = PBXFileReference; fileEncoding = 4; lastKnownFileType = sourcecode.c.objc; path = InboxViewController.m; sourceTree = "<group>"; };
		92E865811957861C00DC00D7 /* Parse.framework */ = {isa = PBXFileReference; lastKnownFileType = wrapper.framework; name = Parse.framework; path = NowYouSeeNowYouDont/Parse.framework; sourceTree = "<group>"; };
		92E86584195786D500DC00D7 /* AudioToolbox.framework */ = {isa = PBXFileReference; lastKnownFileType = wrapper.framework; name = AudioToolbox.framework; path = System/Library/Frameworks/AudioToolbox.framework; sourceTree = SDKROOT; };
		92E86586195786E800DC00D7 /* CoreGraphics.framework */ = {isa = PBXFileReference; lastKnownFileType = wrapper.framework; name = CoreGraphics.framework; path = System/Library/Frameworks/CoreGraphics.framework; sourceTree = SDKROOT; };
		92E86588195786EF00DC00D7 /* CoreLocation.framework */ = {isa = PBXFileReference; lastKnownFileType = wrapper.framework; name = CoreLocation.framework; path = System/Library/Frameworks/CoreLocation.framework; sourceTree = SDKROOT; };
		92E8658A195786FE00DC00D7 /* CFNetwork.framework */ = {isa = PBXFileReference; lastKnownFileType = wrapper.framework; name = CFNetwork.framework; path = System/Library/Frameworks/CFNetwork.framework; sourceTree = SDKROOT; };
		92E8658C1957873F00DC00D7 /* libz.1.1.3.dylib */ = {isa = PBXFileReference; lastKnownFileType = "compiled.mach-o.dylib"; name = libz.1.1.3.dylib; path = usr/lib/libz.1.1.3.dylib; sourceTree = SDKROOT; };
		92E8658E1957874800DC00D7 /* MobileCoreServices.framework */ = {isa = PBXFileReference; lastKnownFileType = wrapper.framework; name = MobileCoreServices.framework; path = System/Library/Frameworks/MobileCoreServices.framework; sourceTree = SDKROOT; };
		92E865901957874F00DC00D7 /* QuartzCore.framework */ = {isa = PBXFileReference; lastKnownFileType = wrapper.framework; name = QuartzCore.framework; path = System/Library/Frameworks/QuartzCore.framework; sourceTree = SDKROOT; };
		92E865921957876F00DC00D7 /* Security.framework */ = {isa = PBXFileReference; lastKnownFileType = wrapper.framework; name = Security.framework; path = System/Library/Frameworks/Security.framework; sourceTree = SDKROOT; };
		92E865941957877600DC00D7 /* StoreKit.framework */ = {isa = PBXFileReference; lastKnownFileType = wrapper.framework; name = StoreKit.framework; path = System/Library/Frameworks/StoreKit.framework; sourceTree = SDKROOT; };
		92E865961957879100DC00D7 /* SystemConfiguration.framework */ = {isa = PBXFileReference; lastKnownFileType = wrapper.framework; name = SystemConfiguration.framework; path = System/Library/Frameworks/SystemConfiguration.framework; sourceTree = SDKROOT; };
		92E865991957ACBD00DC00D7 /* LoginViewController.h */ = {isa = PBXFileReference; fileEncoding = 4; lastKnownFileType = sourcecode.c.h; name = LoginViewController.h; path = ../LoginViewController.h; sourceTree = "<group>"; };
		92E8659A1957ACBD00DC00D7 /* LoginViewController.m */ = {isa = PBXFileReference; fileEncoding = 4; lastKnownFileType = sourcecode.c.objc; name = LoginViewController.m; path = ../LoginViewController.m; sourceTree = "<group>"; };
		92E8659C1957ACD200DC00D7 /* SignupViewController.h */ = {isa = PBXFileReference; fileEncoding = 4; lastKnownFileType = sourcecode.c.h; name = SignupViewController.h; path = ../SignupViewController.h; sourceTree = "<group>"; };
		92E8659D1957ACD200DC00D7 /* SignupViewController.m */ = {isa = PBXFileReference; fileEncoding = 4; lastKnownFileType = sourcecode.c.objc; name = SignupViewController.m; path = ../SignupViewController.m; sourceTree = "<group>"; };
/* End PBXFileReference section */

/* Begin PBXFrameworksBuildPhase section */
		92C3E819195737D800BCBA42 /* Frameworks */ = {
			isa = PBXFrameworksBuildPhase;
			buildActionMask = 2147483647;
			files = (
				92E865971957879100DC00D7 /* SystemConfiguration.framework in Frameworks */,
				92E865951957877600DC00D7 /* StoreKit.framework in Frameworks */,
				92E865931957876F00DC00D7 /* Security.framework in Frameworks */,
				92E865911957874F00DC00D7 /* QuartzCore.framework in Frameworks */,
				92E8658F1957874800DC00D7 /* MobileCoreServices.framework in Frameworks */,
				92E8658D1957873F00DC00D7 /* libz.1.1.3.dylib in Frameworks */,
				92E8658B195786FE00DC00D7 /* CFNetwork.framework in Frameworks */,
				92E86589195786EF00DC00D7 /* CoreLocation.framework in Frameworks */,
				92E86587195786E800DC00D7 /* CoreGraphics.framework in Frameworks */,
				92E86585195786D500DC00D7 /* AudioToolbox.framework in Frameworks */,
				92E865821957861C00DC00D7 /* Parse.framework in Frameworks */,
			);
			runOnlyForDeploymentPostprocessing = 0;
		};
		92C3E829195737D800BCBA42 /* Frameworks */ = {
			isa = PBXFrameworksBuildPhase;
			buildActionMask = 2147483647;
			files = (
			);
			runOnlyForDeploymentPostprocessing = 0;
		};
/* End PBXFrameworksBuildPhase section */

/* Begin PBXGroup section */
		92C3E813195737D800BCBA42 = {
			isa = PBXGroup;
			children = (
				92C3E81E195737D800BCBA42 /* NowYouSeeNowYouDont */,
				92E86598195787A600DC00D7 /* Frameworks */,
				92C3E82F195737D800BCBA42 /* NowYouSeeNowYouDontTests */,
				92C3E81D195737D800BCBA42 /* Products */,
			);
			sourceTree = "<group>";
		};
		92C3E81D195737D800BCBA42 /* Products */ = {
			isa = PBXGroup;
			children = (
				92C3E81C195737D800BCBA42 /* NowYouSeeNowYouDont.app */,
				92C3E82C195737D800BCBA42 /* NowYouSeeNowYouDontTests.xctest */,
			);
			name = Products;
			sourceTree = "<group>";
		};
		92C3E81E195737D800BCBA42 /* NowYouSeeNowYouDont */ = {
			isa = PBXGroup;
			children = (
				92E8659F1957ACDF00DC00D7 /* Credentialing Classes */,
				92E865801957448200DC00D7 /* Controllers */,
				92E865831957864000DC00D7 /* Images */,
				92C3E81F195737D800BCBA42 /* Supporting Files */,
				92C3E83C1957382400BCBA42 /* MainStoryboard.storyboard */,
			);
			path = NowYouSeeNowYouDont;
			sourceTree = "<group>";
		};
		92C3E81F195737D800BCBA42 /* Supporting Files */ = {
			isa = PBXGroup;
			children = (
				92C3E823195737D800BCBA42 /* AppDelegate.h */,
				92C3E824195737D800BCBA42 /* AppDelegate.m */,
				92C3E820195737D800BCBA42 /* Info.plist */,
				92C3E821195737D800BCBA42 /* main.m */,
			);
			name = "Supporting Files";
			sourceTree = "<group>";
		};
		92C3E82F195737D800BCBA42 /* NowYouSeeNowYouDontTests */ = {
			isa = PBXGroup;
			children = (
				92C3E832195737D800BCBA42 /* NowYouSeeNowYouDontTests.m */,
				92C3E830195737D800BCBA42 /* Supporting Files */,
			);
			path = NowYouSeeNowYouDontTests;
			sourceTree = "<group>";
		};
		92C3E830195737D800BCBA42 /* Supporting Files */ = {
			isa = PBXGroup;
			children = (
				92C3E831195737D800BCBA42 /* Info.plist */,
			);
			name = "Supporting Files";
			sourceTree = "<group>";
		};
		92E865801957448200DC00D7 /* Controllers */ = {
			isa = PBXGroup;
			children = (
				92101156195EFA1B00D24FCA /* FriendsViewController.h */,
				92101157195EFA1B00D24FCA /* FriendsViewController.m */,
				92101153195BC49C00D24FCA /* EditFriendsViewController.h */,
				92101154195BC49C00D24FCA /* EditFriendsViewController.m */,
				92E8657D1957446A00DC00D7 /* InboxViewController.h */,
				92E8657E1957446A00DC00D7 /* InboxViewController.m */,
			);
			name = Controllers;
			path = ..;
			sourceTree = "<group>";
		};
		92E865831957864000DC00D7 /* Images */ = {
			isa = PBXGroup;
			children = (
				92C3E84019573B0C00BCBA42 /* camera@2x.png */,
				92C3E84119573B0C00BCBA42 /* friends@2x.png */,
				92C3E83E19573A6F00BCBA42 /* inbox@2x.png */,
				92C3E826195737D800BCBA42 /* Images.xcassets */,
			);
			name = Images;
			sourceTree = "<group>";
		};
		92E86598195787A600DC00D7 /* Frameworks */ = {
			isa = PBXGroup;
			children = (
				92E865961957879100DC00D7 /* SystemConfiguration.framework */,
				92E865941957877600DC00D7 /* StoreKit.framework */,
				92E865921957876F00DC00D7 /* Security.framework */,
				92E865901957874F00DC00D7 /* QuartzCore.framework */,
				92E8658E1957874800DC00D7 /* MobileCoreServices.framework */,
				92E8658C1957873F00DC00D7 /* libz.1.1.3.dylib */,
				92E8658A195786FE00DC00D7 /* CFNetwork.framework */,
				92E86588195786EF00DC00D7 /* CoreLocation.framework */,
				92E86586195786E800DC00D7 /* CoreGraphics.framework */,
				92E86584195786D500DC00D7 /* AudioToolbox.framework */,
				92E865811957861C00DC00D7 /* Parse.framework */,
			);
			name = Frameworks;
			sourceTree = "<group>";
		};
		92E8659F1957ACDF00DC00D7 /* Credentialing Classes */ = {
			isa = PBXGroup;
			children = (
				92E8659C1957ACD200DC00D7 /* SignupViewController.h */,
				92E8659D1957ACD200DC00D7 /* SignupViewController.m */,
				92E865991957ACBD00DC00D7 /* LoginViewController.h */,
				92E8659A1957ACBD00DC00D7 /* LoginViewController.m */,
			);
			name = "Credentialing Classes";
			sourceTree = "<group>";
		};
/* End PBXGroup section */

/* Begin PBXNativeTarget section */
		92C3E81B195737D800BCBA42 /* NowYouSeeNowYouDont */ = {
			isa = PBXNativeTarget;
			buildConfigurationList = 92C3E836195737D800BCBA42 /* Build configuration list for PBXNativeTarget "NowYouSeeNowYouDont" */;
			buildPhases = (
				92C3E818195737D800BCBA42 /* Sources */,
				92C3E819195737D800BCBA42 /* Frameworks */,
				92C3E81A195737D800BCBA42 /* Resources */,
			);
			buildRules = (
			);
			dependencies = (
			);
			name = NowYouSeeNowYouDont;
			productName = NowYouSeeNowYouDont;
			productReference = 92C3E81C195737D800BCBA42 /* NowYouSeeNowYouDont.app */;
			productType = "com.apple.product-type.application";
		};
		92C3E82B195737D800BCBA42 /* NowYouSeeNowYouDontTests */ = {
			isa = PBXNativeTarget;
			buildConfigurationList = 92C3E839195737D800BCBA42 /* Build configuration list for PBXNativeTarget "NowYouSeeNowYouDontTests" */;
			buildPhases = (
				92C3E828195737D800BCBA42 /* Sources */,
				92C3E829195737D800BCBA42 /* Frameworks */,
				92C3E82A195737D800BCBA42 /* Resources */,
			);
			buildRules = (
			);
			dependencies = (
				92C3E82E195737D800BCBA42 /* PBXTargetDependency */,
			);
			name = NowYouSeeNowYouDontTests;
			productName = NowYouSeeNowYouDontTests;
			productReference = 92C3E82C195737D800BCBA42 /* NowYouSeeNowYouDontTests.xctest */;
			productType = "com.apple.product-type.bundle.unit-test";
		};
/* End PBXNativeTarget section */

/* Begin PBXProject section */
		92C3E814195737D800BCBA42 /* Project object */ = {
			isa = PBXProject;
			attributes = {
				LastUpgradeCheck = 0600;
				ORGANIZATIONNAME = iamtonyarmstrong;
				TargetAttributes = {
					92C3E81B195737D800BCBA42 = {
						CreatedOnToolsVersion = 6.0;
					};
					92C3E82B195737D800BCBA42 = {
						CreatedOnToolsVersion = 6.0;
						TestTargetID = 92C3E81B195737D800BCBA42;
					};
				};
			};
			buildConfigurationList = 92C3E817195737D800BCBA42 /* Build configuration list for PBXProject "NowYouSeeNowYouDont" */;
			compatibilityVersion = "Xcode 3.2";
			developmentRegion = English;
			hasScannedForEncodings = 0;
			knownRegions = (
				en,
			);
			mainGroup = 92C3E813195737D800BCBA42;
			productRefGroup = 92C3E81D195737D800BCBA42 /* Products */;
			projectDirPath = "";
			projectRoot = "";
			targets = (
				92C3E81B195737D800BCBA42 /* NowYouSeeNowYouDont */,
				92C3E82B195737D800BCBA42 /* NowYouSeeNowYouDontTests */,
			);
		};
/* End PBXProject section */

/* Begin PBXResourcesBuildPhase section */
		92C3E81A195737D800BCBA42 /* Resources */ = {
			isa = PBXResourcesBuildPhase;
			buildActionMask = 2147483647;
			files = (
				92C3E83D1957382400BCBA42 /* MainStoryboard.storyboard in Resources */,
				92C3E827195737D800BCBA42 /* Images.xcassets in Resources */,
				92C3E84319573B0C00BCBA42 /* friends@2x.png in Resources */,
				92C3E83F19573A6F00BCBA42 /* inbox@2x.png in Resources */,
				92C3E84219573B0C00BCBA42 /* camera@2x.png in Resources */,
			);
			runOnlyForDeploymentPostprocessing = 0;
		};
		92C3E82A195737D800BCBA42 /* Resources */ = {
			isa = PBXResourcesBuildPhase;
			buildActionMask = 2147483647;
			files = (
			);
			runOnlyForDeploymentPostprocessing = 0;
		};
/* End PBXResourcesBuildPhase section */

/* Begin PBXSourcesBuildPhase section */
		92C3E818195737D800BCBA42 /* Sources */ = {
			isa = PBXSourcesBuildPhase;
			buildActionMask = 2147483647;
			files = (
				92E8659B1957ACBD00DC00D7 /* LoginViewController.m in Sources */,
				92C3E825195737D800BCBA42 /* AppDelegate.m in Sources */,
				92101158195EFA1B00D24FCA /* FriendsViewController.m in Sources */,
				92C3E822195737D800BCBA42 /* main.m in Sources */,
				92E8657F1957446A00DC00D7 /* InboxViewController.m in Sources */,
				92101155195BC49C00D24FCA /* EditFriendsViewController.m in Sources */,
				92E8659E1957ACD200DC00D7 /* SignupViewController.m in Sources */,
			);
			runOnlyForDeploymentPostprocessing = 0;
		};
		92C3E828195737D800BCBA42 /* Sources */ = {
			isa = PBXSourcesBuildPhase;
			buildActionMask = 2147483647;
			files = (
				92C3E833195737D800BCBA42 /* NowYouSeeNowYouDontTests.m in Sources */,
			);
			runOnlyForDeploymentPostprocessing = 0;
		};
/* End PBXSourcesBuildPhase section */

/* Begin PBXTargetDependency section */
		92C3E82E195737D800BCBA42 /* PBXTargetDependency */ = {
			isa = PBXTargetDependency;
			target = 92C3E81B195737D800BCBA42 /* NowYouSeeNowYouDont */;
			targetProxy = 92C3E82D195737D800BCBA42 /* PBXContainerItemProxy */;
		};
/* End PBXTargetDependency section */

/* Begin XCBuildConfiguration section */
		92C3E834195737D800BCBA42 /* Debug */ = {
			isa = XCBuildConfiguration;
			buildSettings = {
				ALWAYS_SEARCH_USER_PATHS = NO;
				CLANG_CXX_LANGUAGE_STANDARD = "gnu++0x";
				CLANG_CXX_LIBRARY = "libc++";
				CLANG_ENABLE_MODULES = YES;
				CLANG_ENABLE_OBJC_ARC = YES;
				CLANG_WARN_BOOL_CONVERSION = YES;
				CLANG_WARN_CONSTANT_CONVERSION = YES;
				CLANG_WARN_DIRECT_OBJC_ISA_USAGE = YES_ERROR;
				CLANG_WARN_EMPTY_BODY = YES;
				CLANG_WARN_ENUM_CONVERSION = YES;
				CLANG_WARN_INT_CONVERSION = YES;
				CLANG_WARN_OBJC_ROOT_CLASS = YES_ERROR;
				CLANG_WARN_UNREACHABLE_CODE = YES;
				CLANG_WARN__DUPLICATE_METHOD_MATCH = YES;
				"CODE_SIGN_IDENTITY[sdk=iphoneos*]" = "iPhone Developer";
				COPY_PHASE_STRIP = NO;
				ENABLE_STRICT_OBJC_MSGSEND = YES;
				GCC_C_LANGUAGE_STANDARD = gnu99;
				GCC_DYNAMIC_NO_PIC = NO;
				GCC_OPTIMIZATION_LEVEL = 0;
				GCC_PREPROCESSOR_DEFINITIONS = (
					"DEBUG=1",
					"$(inherited)",
				);
				GCC_SYMBOLS_PRIVATE_EXTERN = NO;
				GCC_WARN_64_TO_32_BIT_CONVERSION = YES;
				GCC_WARN_ABOUT_RETURN_TYPE = YES_ERROR;
				GCC_WARN_UNDECLARED_SELECTOR = YES;
				GCC_WARN_UNINITIALIZED_AUTOS = YES_AGGRESSIVE;
				GCC_WARN_UNUSED_FUNCTION = YES;
				GCC_WARN_UNUSED_VARIABLE = YES;
				IPHONEOS_DEPLOYMENT_TARGET = 8.0;
				METAL_ENABLE_DEBUG_INFO = YES;
				ONLY_ACTIVE_ARCH = YES;
				SDKROOT = iphoneos;
			};
			name = Debug;
		};
		92C3E835195737D800BCBA42 /* Release */ = {
			isa = XCBuildConfiguration;
			buildSettings = {
				ALWAYS_SEARCH_USER_PATHS = NO;
				CLANG_CXX_LANGUAGE_STANDARD = "gnu++0x";
				CLANG_CXX_LIBRARY = "libc++";
				CLANG_ENABLE_MODULES = YES;
				CLANG_ENABLE_OBJC_ARC = YES;
				CLANG_WARN_BOOL_CONVERSION = YES;
				CLANG_WARN_CONSTANT_CONVERSION = YES;
				CLANG_WARN_DIRECT_OBJC_ISA_USAGE = YES_ERROR;
				CLANG_WARN_EMPTY_BODY = YES;
				CLANG_WARN_ENUM_CONVERSION = YES;
				CLANG_WARN_INT_CONVERSION = YES;
				CLANG_WARN_OBJC_ROOT_CLASS = YES_ERROR;
				CLANG_WARN_UNREACHABLE_CODE = YES;
				CLANG_WARN__DUPLICATE_METHOD_MATCH = YES;
				"CODE_SIGN_IDENTITY[sdk=iphoneos*]" = "iPhone Developer";
				COPY_PHASE_STRIP = YES;
				ENABLE_NS_ASSERTIONS = NO;
				ENABLE_STRICT_OBJC_MSGSEND = YES;
				GCC_C_LANGUAGE_STANDARD = gnu99;
				GCC_WARN_64_TO_32_BIT_CONVERSION = YES;
				GCC_WARN_ABOUT_RETURN_TYPE = YES_ERROR;
				GCC_WARN_UNDECLARED_SELECTOR = YES;
				GCC_WARN_UNINITIALIZED_AUTOS = YES_AGGRESSIVE;
				GCC_WARN_UNUSED_FUNCTION = YES;
				GCC_WARN_UNUSED_VARIABLE = YES;
				IPHONEOS_DEPLOYMENT_TARGET = 8.0;
				METAL_ENABLE_DEBUG_INFO = NO;
				SDKROOT = iphoneos;
				VALIDATE_PRODUCT = YES;
			};
			name = Release;
		};
		92C3E837195737D800BCBA42 /* Debug */ = {
			isa = XCBuildConfiguration;
			buildSettings = {
				ASSETCATALOG_COMPILER_APPICON_NAME = AppIcon;
				ASSETCATALOG_COMPILER_LAUNCHIMAGE_NAME = LaunchImage;
				FRAMEWORK_SEARCH_PATHS = (
					"$(inherited)",
					"$(PROJECT_DIR)/NowYouSeeNowYouDont",
				);
				INFOPLIST_FILE = NowYouSeeNowYouDont/Info.plist;
				IPHONEOS_DEPLOYMENT_TARGET = 7.1;
				LD_RUNPATH_SEARCH_PATHS = "$(inherited) @executable_path/Frameworks";
				PRODUCT_NAME = "$(TARGET_NAME)";
			};
			name = Debug;
		};
		92C3E838195737D800BCBA42 /* Release */ = {
			isa = XCBuildConfiguration;
			buildSettings = {
				ASSETCATALOG_COMPILER_APPICON_NAME = AppIcon;
				ASSETCATALOG_COMPILER_LAUNCHIMAGE_NAME = LaunchImage;
				FRAMEWORK_SEARCH_PATHS = (
					"$(inherited)",
					"$(PROJECT_DIR)/NowYouSeeNowYouDont",
				);
				INFOPLIST_FILE = NowYouSeeNowYouDont/Info.plist;
				IPHONEOS_DEPLOYMENT_TARGET = 7.1;
				LD_RUNPATH_SEARCH_PATHS = "$(inherited) @executable_path/Frameworks";
				PRODUCT_NAME = "$(TARGET_NAME)";
			};
			name = Release;
		};
		92C3E83A195737D800BCBA42 /* Debug */ = {
			isa = XCBuildConfiguration;
			buildSettings = {
				BUNDLE_LOADER = "$(BUILT_PRODUCTS_DIR)/NowYouSeeNowYouDont.app/NowYouSeeNowYouDont";
				FRAMEWORK_SEARCH_PATHS = (
					"$(SDKROOT)/Developer/Library/Frameworks",
					"$(inherited)",
				);
				GCC_PREPROCESSOR_DEFINITIONS = (
					"DEBUG=1",
					"$(inherited)",
				);
				INFOPLIST_FILE = NowYouSeeNowYouDontTests/Info.plist;
				LD_RUNPATH_SEARCH_PATHS = "$(inherited) @executable_path/Frameworks @loader_path/Frameworks";
				METAL_ENABLE_DEBUG_INFO = YES;
				PRODUCT_NAME = "$(TARGET_NAME)";
				TEST_HOST = "$(BUNDLE_LOADER)";
			};
			name = Debug;
		};
		92C3E83B195737D800BCBA42 /* Release */ = {
			isa = XCBuildConfiguration;
			buildSettings = {
				BUNDLE_LOADER = "$(BUILT_PRODUCTS_DIR)/NowYouSeeNowYouDont.app/NowYouSeeNowYouDont";
				FRAMEWORK_SEARCH_PATHS = (
					"$(SDKROOT)/Developer/Library/Frameworks",
					"$(inherited)",
				);
				INFOPLIST_FILE = NowYouSeeNowYouDontTests/Info.plist;
				LD_RUNPATH_SEARCH_PATHS = "$(inherited) @executable_path/Frameworks @loader_path/Frameworks";
				METAL_ENABLE_DEBUG_INFO = NO;
				PRODUCT_NAME = "$(TARGET_NAME)";
				TEST_HOST = "$(BUNDLE_LOADER)";
			};
			name = Release;
		};
/* End XCBuildConfiguration section */

/* Begin XCConfigurationList section */
		92C3E817195737D800BCBA42 /* Build configuration list for PBXProject "NowYouSeeNowYouDont" */ = {
			isa = XCConfigurationList;
			buildConfigurations = (
				92C3E834195737D800BCBA42 /* Debug */,
				92C3E835195737D800BCBA42 /* Release */,
			);
			defaultConfigurationIsVisible = 0;
			defaultConfigurationName = Release;
		};
		92C3E836195737D800BCBA42 /* Build configuration list for PBXNativeTarget "NowYouSeeNowYouDont" */ = {
			isa = XCConfigurationList;
			buildConfigurations = (
				92C3E837195737D800BCBA42 /* Debug */,
				92C3E838195737D800BCBA42 /* Release */,
			);
			defaultConfigurationIsVisible = 0;
			defaultConfigurationName = Release;
		};
		92C3E839195737D800BCBA42 /* Build configuration list for PBXNativeTarget "NowYouSeeNowYouDontTests" */ = {
			isa = XCConfigurationList;
			buildConfigurations = (
				92C3E83A195737D800BCBA42 /* Debug */,
				92C3E83B195737D800BCBA42 /* Release */,
			);
			defaultConfigurationIsVisible = 0;
			defaultConfigurationName = Release;
		};
/* End XCConfigurationList section */
	};
	rootObject = 92C3E814195737D800BCBA42 /* Project object */;
}
