// !$*UTF8*$!
{
	archiveVersion = 1;
	classes = {
	};
	objectVersion = 46;
	objects = {

/* Begin PBXBuildFile section */
		92C3E822195737D800BCBA42 /* main.m in Sources */ = {isa = PBXBuildFile; fileRef = 92C3E821195737D800BCBA42 /* main.m */; };
		92C3E825195737D800BCBA42 /* AppDelegate.m in Sources */ = {isa = PBXBuildFile; fileRef = 92C3E824195737D800BCBA42 /* AppDelegate.m */; };
		92C3E827195737D800BCBA42 /* Images.xcassets in Resources */ = {isa = PBXBuildFile; fileRef = 92C3E826195737D800BCBA42 /* Images.xcassets */; };
		92C3E833195737D800BCBA42 /* NowYouSeeNowYouDontTests.m in Sources */ = {isa = PBXBuildFile; fileRef = 92C3E832195737D800BCBA42 /* NowYouSeeNowYouDontTests.m */; };
		92C3E83D1957382400BCBA42 /* MainStoryboard.storyboard in Resources */ = {isa = PBXBuildFile; fileRef = 92C3E83C1957382400BCBA42 /* MainStoryboard.storyboard */; };
		92C3E83F19573A6F00BCBA42 /* inbox@2x.png in Resources */ = {isa = PBXBuildFile; fileRef = 92C3E83E19573A6F00BCBA42 /* inbox@2x.png */; };
		92C3E84219573B0C00BCBA42 /* camera@2x.png in Resources */ = {isa = PBXBuildFile; fileRef = 92C3E84019573B0C00BCBA42 /* camera@2x.png */; };
		92C3E84319573B0C00BCBA42 /* friends@2x.png in Resources */ = {isa = PBXBuildFile; fileRef = 92C3E84119573B0C00BCBA42 /* friends@2x.png */; };
		92E8657F1957446A00DC00D7 /* InboxViewController.m in Sources */ = {isa = PBXBuildFile; fileRef = 92E8657E1957446A00DC00D7 /* InboxViewController.m */; };
/* End PBXBuildFile section */

/* Begin PBXContainerItemProxy section */
		92C3E82D195737D800BCBA42 /* PBXContainerItemProxy */ = {
			isa = PBXContainerItemProxy;
			containerPortal = 92C3E814195737D800BCBA42 /* Project object */;
			proxyType = 1;
			remoteGlobalIDString = 92C3E81B195737D800BCBA42;
			remoteInfo = NowYouSeeNowYouDont;
		};
/* End PBXContainerItemProxy section */

/* Begin PBXFileReference section */
		92C3E81C195737D800BCBA42 /* NowYouSeeNowYouDont.app */ = {isa = PBXFileReference; explicitFileType = wrapper.application; includeInIndex = 0; path = NowYouSeeNowYouDont.app; sourceTree = BUILT_PRODUCTS_DIR; };
		92C3E820195737D800BCBA42 /* Info.plist */ = {isa = PBXFileReference; lastKnownFileType = text.plist.xml; path = Info.plist; sourceTree = "<group>"; };
		92C3E821195737D800BCBA42 /* main.m */ = {isa = PBXFileReference; lastKnownFileType = sourcecode.c.objc; path = main.m; sourceTree = "<group>"; };
		92C3E823195737D800BCBA42 /* AppDelegate.h */ = {isa = PBXFileReference; lastKnownFileType = sourcecode.c.h; path = AppDelegate.h; sourceTree = "<group>"; };
		92C3E824195737D800BCBA42 /* AppDelegate.m */ = {isa = PBXFileReference; lastKnownFileType = sourcecode.c.objc; path = AppDelegate.m; sourceTree = "<group>"; };
		92C3E826195737D800BCBA42 /* Images.xcassets */ = {isa = PBXFileReference; lastKnownFileType = folder.assetcatalog; path = Images.xcassets; sourceTree = "<group>"; };
		92C3E82C195737D800BCBA42 /* NowYouSeeNowYouDontTests.xctest */ = {isa = PBXFileReference; explicitFileType = wrapper.cfbundle; includeInIndex = 0; path = NowYouSeeNowYouDontTests.xctest; sourceTree = BUILT_PRODUCTS_DIR; };
		92C3E831195737D800BCBA42 /* Info.plist */ = {isa = PBXFileReference; lastKnownFileType = text.plist.xml; path = Info.plist; sourceTree = "<group>"; };
		92C3E832195737D800BCBA42 /* NowYouSeeNowYouDontTests.m */ = {isa = PBXFileReference; lastKnownFileType = sourcecode.c.objc; path = NowYouSeeNowYouDontTests.m; sourceTree = "<group>"; };
		92C3E83C1957382400BCBA42 /* MainStoryboard.storyboard */ = {isa = PBXFileReference; fileEncoding = 4; lastKnownFileType = file.storyboard; path = MainStoryboard.storyboard; sourceTree = "<group>"; };
		92C3E83E19573A6F00BCBA42 /* inbox@2x.png */ = {isa = PBXFileReference; lastKnownFileType = image.png; name = "inbox@2x.png"; path = "../inbox@2x.png"; sourceTree = "<group>"; };
		92C3E84019573B0C00BCBA42 /* camera@2x.png */ = {isa = PBXFileReference; lastKnownFileType = image.png; path = "camera@2x.png"; sourceTree = "<group>"; };
		92C3E84119573B0C00BCBA42 /* friends@2x.png */ = {isa = PBXFileReference; lastKnownFileType = image.png; path = "friends@2x.png"; sourceTree = "<group>"; };
		92E8657D1957446A00DC00D7 /* InboxViewController.h */ = {isa = PBXFileReference; fileEncoding = 4; lastKnownFileType = sourcecode.c.h; path = InboxViewController.h; sourceTree = "<group>"; };
		92E8657E1957446A00DC00D7 /* InboxViewController.m */ = {isa = PBXFileReference; fileEncoding = 4; lastKnownFileType = sourcecode.c.objc; path = InboxViewController.m; sourceTree = "<group>"; };
/* End PBXFileReference section */

/* Begin PBXFrameworksBuildPhase section */
		92C3E819195737D800BCBA42 /* Frameworks */ = {
			isa = PBXFrameworksBuildPhase;
			buildActionMask = 2147483647;
			files = (
			);
			runOnlyForDeploymentPostprocessing = 0;
		};
		92C3E829195737D800BCBA42 /* Frameworks */ = {
			isa = PBXFrameworksBuildPhase;
			buildActionMask = 2147483647;
			files = (
			);
			runOnlyForDeploymentPostprocessing = 0;
		};
/* End PBXFrameworksBuildPhase section */

/* Begin PBXGroup section */
		92C3E813195737D800BCBA42 = {
			isa = PBXGroup;
			children = (
				92C3E81E195737D800BCBA42 /* NowYouSeeNowYouDont */,
				92C3E82F195737D800BCBA42 /* NowYouSeeNowYouDontTests */,
				92C3E81D195737D800BCBA42 /* Products */,
			);
			sourceTree = "<group>";
		};
		92C3E81D195737D800BCBA42 /* Products */ = {
			isa = PBXGroup;
			children = (
				92C3E81C195737D800BCBA42 /* NowYouSeeNowYouDont.app */,
				92C3E82C195737D800BCBA42 /* NowYouSeeNowYouDontTests.xctest */,
			);
			name = Products;
			sourceTree = "<group>";
		};
		92C3E81E195737D800BCBA42 /* NowYouSeeNowYouDont */ = {
			isa = PBXGroup;
			children = (
				92E865801957448200DC00D7 /* Controllers */,
				92C3E84019573B0C00BCBA42 /* camera@2x.png */,
				92C3E84119573B0C00BCBA42 /* friends@2x.png */,
				92C3E826195737D800BCBA42 /* Images.xcassets */,
				92C3E83E19573A6F00BCBA42 /* inbox@2x.png */,
				92C3E81F195737D800BCBA42 /* Supporting Files */,
				92C3E83C1957382400BCBA42 /* MainStoryboard.storyboard */,
			);
			path = NowYouSeeNowYouDont;
			sourceTree = "<group>";
		};
		92C3E81F195737D800BCBA42 /* Supporting Files */ = {
			isa = PBXGroup;
			children = (
				92C3E823195737D800BCBA42 /* AppDelegate.h */,
				92C3E824195737D800BCBA42 /* AppDelegate.m */,
				92C3E820195737D800BCBA42 /* Info.plist */,
				92C3E821195737D800BCBA42 /* main.m */,
			);
			name = "Supporting Files";
			sourceTree = "<group>";
		};
		92C3E82F195737D800BCBA42 /* NowYouSeeNowYouDontTests */ = {
			isa = PBXGroup;
			children = (
				92C3E832195737D800BCBA42 /* NowYouSeeNowYouDontTests.m */,
				92C3E830195737D800BCBA42 /* Supporting Files */,
			);
			path = NowYouSeeNowYouDontTests;
			sourceTree = "<group>";
		};
		92C3E830195737D800BCBA42 /* Supporting Files */ = {
			isa = PBXGroup;
			children = (
				92C3E831195737D800BCBA42 /* Info.plist */,
			);
			name = "Supporting Files";
			sourceTree = "<group>";
		};
		92E865801957448200DC00D7 /* Controllers */ = {
			isa = PBXGroup;
			children = (
				92E8657D1957446A00DC00D7 /* InboxViewController.h */,
				92E8657E1957446A00DC00D7 /* InboxViewController.m */,
			);
			name = Controllers;
			path = ..;
			sourceTree = "<group>";
		};
/* End PBXGroup section */

/* Begin PBXNativeTarget section */
		92C3E81B195737D800BCBA42 /* NowYouSeeNowYouDont */ = {
			isa = PBXNativeTarget;
			buildConfigurationList = 92C3E836195737D800BCBA42 /* Build configuration list for PBXNativeTarget "NowYouSeeNowYouDont" */;
			buildPhases = (
				92C3E818195737D800BCBA42 /* Sources */,
				92C3E819195737D800BCBA42 /* Frameworks */,
				92C3E81A195737D800BCBA42 /* Resources */,
			);
			buildRules = (
			);
			dependencies = (
			);
			name = NowYouSeeNowYouDont;
			productName = NowYouSeeNowYouDont;
			productReference = 92C3E81C195737D800BCBA42 /* NowYouSeeNowYouDont.app */;
			productType = "com.apple.product-type.application";
		};
		92C3E82B195737D800BCBA42 /* NowYouSeeNowYouDontTests */ = {
			isa = PBXNativeTarget;
			buildConfigurationList = 92C3E839195737D800BCBA42 /* Build configuration list for PBXNativeTarget "NowYouSeeNowYouDontTests" */;
			buildPhases = (
				92C3E828195737D800BCBA42 /* Sources */,
				92C3E829195737D800BCBA42 /* Frameworks */,
				92C3E82A195737D800BCBA42 /* Resources */,
			);
			buildRules = (
			);
			dependencies = (
				92C3E82E195737D800BCBA42 /* PBXTargetDependency */,
			);
			name = NowYouSeeNowYouDontTests;
			productName = NowYouSeeNowYouDontTests;
			productReference = 92C3E82C195737D800BCBA42 /* NowYouSeeNowYouDontTests.xctest */;
			productType = "com.apple.product-type.bundle.unit-test";
		};
/* End PBXNativeTarget section */

/* Begin PBXProject section */
		92C3E814195737D800BCBA42 /* Project object */ = {
			isa = PBXProject;
			attributes = {
				LastUpgradeCheck = 0600;
				ORGANIZATIONNAME = iamtonyarmstrong;
				TargetAttributes = {
					92C3E81B195737D800BCBA42 = {
						CreatedOnToolsVersion = 6.0;
					};
					92C3E82B195737D800BCBA42 = {
						CreatedOnToolsVersion = 6.0;
						TestTargetID = 92C3E81B195737D800BCBA42;
					};
				};
			};
			buildConfigurationList = 92C3E817195737D800BCBA42 /* Build configuration list for PBXProject "NowYouSeeNowYouDont" */;
			compatibilityVersion = "Xcode 3.2";
			developmentRegion = English;
			hasScannedForEncodings = 0;
			knownRegions = (
				en,
			);
			mainGroup = 92C3E813195737D800BCBA42;
			productRefGroup = 92C3E81D195737D800BCBA42 /* Products */;
			projectDirPath = "";
			projectRoot = "";
			targets = (
				92C3E81B195737D800BCBA42 /* NowYouSeeNowYouDont */,
				92C3E82B195737D800BCBA42 /* NowYouSeeNowYouDontTests */,
			);
		};
/* End PBXProject section */

/* Begin PBXResourcesBuildPhase section */
		92C3E81A195737D800BCBA42 /* Resources */ = {
			isa = PBXResourcesBuildPhase;
			buildActionMask = 2147483647;
			files = (
				92C3E83D1957382400BCBA42 /* MainStoryboard.storyboard in Resources */,
				92C3E827195737D800BCBA42 /* Images.xcassets in Resources */,
				92C3E84319573B0C00BCBA42 /* friends@2x.png in Resources */,
				92C3E83F19573A6F00BCBA42 /* inbox@2x.png in Resources */,
				92C3E84219573B0C00BCBA42 /* camera@2x.png in Resources */,
			);
			runOnlyForDeploymentPostprocessing = 0;
		};
		92C3E82A195737D800BCBA42 /* Resources */ = {
			isa = PBXResourcesBuildPhase;
			buildActionMask = 2147483647;
			files = (
			);
			runOnlyForDeploymentPostprocessing = 0;
		};
/* End PBXResourcesBuildPhase section */

/* Begin PBXSourcesBuildPhase section */
		92C3E818195737D800BCBA42 /* Sources */ = {
			isa = PBXSourcesBuildPhase;
			buildActionMask = 2147483647;
			files = (
				92C3E825195737D800BCBA42 /* AppDelegate.m in Sources */,
				92C3E822195737D800BCBA42 /* main.m in Sources */,
				92E8657F1957446A00DC00D7 /* InboxViewController.m in Sources */,
			);
			runOnlyForDeploymentPostprocessing = 0;
		};
		92C3E828195737D800BCBA42 /* Sources */ = {
			isa = PBXSourcesBuildPhase;
			buildActionMask = 2147483647;
			files = (
				92C3E833195737D800BCBA42 /* NowYouSeeNowYouDontTests.m in Sources */,
			);
			runOnlyForDeploymentPostprocessing = 0;
		};
/* End PBXSourcesBuildPhase section */

/* Begin PBXTargetDependency section */
		92C3E82E195737D800BCBA42 /* PBXTargetDependency */ = {
			isa = PBXTargetDependency;
			target = 92C3E81B195737D800BCBA42 /* NowYouSeeNowYouDont */;
			targetProxy = 92C3E82D195737D800BCBA42 /* PBXContainerItemProxy */;
		};
/* End PBXTargetDependency section */

/* Begin XCBuildConfiguration section */
		92C3E834195737D800BCBA42 /* Debug */ = {
			isa = XCBuildConfiguration;
			buildSettings = {
				ALWAYS_SEARCH_USER_PATHS = NO;
				CLANG_CXX_LANGUAGE_STANDARD = "gnu++0x";
				CLANG_CXX_LIBRARY = "libc++";
				CLANG_ENABLE_MODULES = YES;
				CLANG_ENABLE_OBJC_ARC = YES;
				CLANG_WARN_BOOL_CONVERSION = YES;
				CLANG_WARN_CONSTANT_CONVERSION = YES;
				CLANG_WARN_DIRECT_OBJC_ISA_USAGE = YES_ERROR;
				CLANG_WARN_EMPTY_BODY = YES;
				CLANG_WARN_ENUM_CONVERSION = YES;
				CLANG_WARN_INT_CONVERSION = YES;
				CLANG_WARN_OBJC_ROOT_CLASS = YES_ERROR;
				CLANG_WARN_UNREACHABLE_CODE = YES;
				CLANG_WARN__DUPLICATE_METHOD_MATCH = YES;
				"CODE_SIGN_IDENTITY[sdk=iphoneos*]" = "iPhone Developer";
				COPY_PHASE_STRIP = NO;
				ENABLE_STRICT_OBJC_MSGSEND = YES;
				GCC_C_LANGUAGE_STANDARD = gnu99;
				GCC_DYNAMIC_NO_PIC = NO;
				GCC_OPTIMIZATION_LEVEL = 0;
				GCC_PREPROCESSOR_DEFINITIONS = (
					"DEBUG=1",
					"$(inherited)",
				);
				GCC_SYMBOLS_PRIVATE_EXTERN = NO;
				GCC_WARN_64_TO_32_BIT_CONVERSION = YES;
				GCC_WARN_ABOUT_RETURN_TYPE = YES_ERROR;
				GCC_WARN_UNDECLARED_SELECTOR = YES;
				GCC_WARN_UNINITIALIZED_AUTOS = YES_AGGRESSIVE;
				GCC_WARN_UNUSED_FUNCTION = YES;
				GCC_WARN_UNUSED_VARIABLE = YES;
				IPHONEOS_DEPLOYMENT_TARGET = 8.0;
				METAL_ENABLE_DEBUG_INFO = YES;
				ONLY_ACTIVE_ARCH = YES;
				SDKROOT = iphoneos;
			};
			name = Debug;
		};
		92C3E835195737D800BCBA42 /* Release */ = {
			isa = XCBuildConfiguration;
			buildSettings = {
				ALWAYS_SEARCH_USER_PATHS = NO;
				CLANG_CXX_LANGUAGE_STANDARD = "gnu++0x";
				CLANG_CXX_LIBRARY = "libc++";
				CLANG_ENABLE_MODULES = YES;
				CLANG_ENABLE_OBJC_ARC = YES;
				CLANG_WARN_BOOL_CONVERSION = YES;
				CLANG_WARN_CONSTANT_CONVERSION = YES;
				CLANG_WARN_DIRECT_OBJC_ISA_USAGE = YES_ERROR;
				CLANG_WARN_EMPTY_BODY = YES;
				CLANG_WARN_ENUM_CONVERSION = YES;
				CLANG_WARN_INT_CONVERSION = YES;
				CLANG_WARN_OBJC_ROOT_CLASS = YES_ERROR;
				CLANG_WARN_UNREACHABLE_CODE = YES;
				CLANG_WARN__DUPLICATE_METHOD_MATCH = YES;
				"CODE_SIGN_IDENTITY[sdk=iphoneos*]" = "iPhone Developer";
				COPY_PHASE_STRIP = YES;
				ENABLE_NS_ASSERTIONS = NO;
				ENABLE_STRICT_OBJC_MSGSEND = YES;
				GCC_C_LANGUAGE_STANDARD = gnu99;
				GCC_WARN_64_TO_32_BIT_CONVERSION = YES;
				GCC_WARN_ABOUT_RETURN_TYPE = YES_ERROR;
				GCC_WARN_UNDECLARED_SELECTOR = YES;
				GCC_WARN_UNINITIALIZED_AUTOS = YES_AGGRESSIVE;
				GCC_WARN_UNUSED_FUNCTION = YES;
				GCC_WARN_UNUSED_VARIABLE = YES;
				IPHONEOS_DEPLOYMENT_TARGET = 8.0;
				METAL_ENABLE_DEBUG_INFO = NO;
				SDKROOT = iphoneos;
				VALIDATE_PRODUCT = YES;
			};
			name = Release;
		};
		92C3E837195737D800BCBA42 /* Debug */ = {
			isa = XCBuildConfiguration;
			buildSettings = {
				ASSETCATALOG_COMPILER_APPICON_NAME = AppIcon;
				ASSETCATALOG_COMPILER_LAUNCHIMAGE_NAME = LaunchImage;
				INFOPLIST_FILE = NowYouSeeNowYouDont/Info.plist;
				IPHONEOS_DEPLOYMENT_TARGET = 7.1;
				LD_RUNPATH_SEARCH_PATHS = "$(inherited) @executable_path/Frameworks";
				PRODUCT_NAME = "$(TARGET_NAME)";
			};
			name = Debug;
		};
		92C3E838195737D800BCBA42 /* Release */ = {
			isa = XCBuildConfiguration;
			buildSettings = {
				ASSETCATALOG_COMPILER_APPICON_NAME = AppIcon;
				ASSETCATALOG_COMPILER_LAUNCHIMAGE_NAME = LaunchImage;
				INFOPLIST_FILE = NowYouSeeNowYouDont/Info.plist;
				IPHONEOS_DEPLOYMENT_TARGET = 7.1;
				LD_RUNPATH_SEARCH_PATHS = "$(inherited) @executable_path/Frameworks";
				PRODUCT_NAME = "$(TARGET_NAME)";
			};
			name = Release;
		};
		92C3E83A195737D800BCBA42 /* Debug */ = {
			isa = XCBuildConfiguration;
			buildSettings = {
				BUNDLE_LOADER = "$(BUILT_PRODUCTS_DIR)/NowYouSeeNowYouDont.app/NowYouSeeNowYouDont";
				FRAMEWORK_SEARCH_PATHS = (
					"$(SDKROOT)/Developer/Library/Frameworks",
					"$(inherited)",
				);
				GCC_PREPROCESSOR_DEFINITIONS = (
					"DEBUG=1",
					"$(inherited)",
				);
				INFOPLIST_FILE = NowYouSeeNowYouDontTests/Info.plist;
				LD_RUNPATH_SEARCH_PATHS = "$(inherited) @executable_path/Frameworks @loader_path/Frameworks";
				METAL_ENABLE_DEBUG_INFO = YES;
				PRODUCT_NAME = "$(TARGET_NAME)";
				TEST_HOST = "$(BUNDLE_LOADER)";
			};
			name = Debug;
		};
		92C3E83B195737D800BCBA42 /* Release */ = {
			isa = XCBuildConfiguration;
			buildSettings = {
				BUNDLE_LOADER = "$(BUILT_PRODUCTS_DIR)/NowYouSeeNowYouDont.app/NowYouSeeNowYouDont";
				FRAMEWORK_SEARCH_PATHS = (
					"$(SDKROOT)/Developer/Library/Frameworks",
					"$(inherited)",
				);
				INFOPLIST_FILE = NowYouSeeNowYouDontTests/Info.plist;
				LD_RUNPATH_SEARCH_PATHS = "$(inherited) @executable_path/Frameworks @loader_path/Frameworks";
				METAL_ENABLE_DEBUG_INFO = NO;
				PRODUCT_NAME = "$(TARGET_NAME)";
				TEST_HOST = "$(BUNDLE_LOADER)";
			};
			name = Release;
		};
/* End XCBuildConfiguration section */

/* Begin XCConfigurationList section */
		92C3E817195737D800BCBA42 /* Build configuration list for PBXProject "NowYouSeeNowYouDont" */ = {
			isa = XCConfigurationList;
			buildConfigurations = (
				92C3E834195737D800BCBA42 /* Debug */,
				92C3E835195737D800BCBA42 /* Release */,
			);
			defaultConfigurationIsVisible = 0;
			defaultConfigurationName = Release;
		};
		92C3E836195737D800BCBA42 /* Build configuration list for PBXNativeTarget "NowYouSeeNowYouDont" */ = {
			isa = XCConfigurationList;
			buildConfigurations = (
				92C3E837195737D800BCBA42 /* Debug */,
				92C3E838195737D800BCBA42 /* Release */,
			);
			defaultConfigurationIsVisible = 0;
			defaultConfigurationName = Release;
		};
		92C3E839195737D800BCBA42 /* Build configuration list for PBXNativeTarget "NowYouSeeNowYouDontTests" */ = {
			isa = XCConfigurationList;
			buildConfigurations = (
				92C3E83A195737D800BCBA42 /* Debug */,
				92C3E83B195737D800BCBA42 /* Release */,
			);
			defaultConfigurationIsVisible = 0;
			defaultConfigurationName = Release;
		};
/* End XCConfigurationList section */
	};
	rootObject = 92C3E814195737D800BCBA42 /* Project object */;
}
